// !$*UTF8*$!
{
	archiveVersion = 1;
	classes = {
	};
	objectVersion = 55;
	objects = {

/* Begin PBXBuildFile section */
		590402E6285B04F500191CBC /* RestaurantApp.swift in Sources */ = {isa = PBXBuildFile; fileRef = 590402E5285B04F500191CBC /* RestaurantApp.swift */; };
		590402E8285B04F500191CBC /* ContentView.swift in Sources */ = {isa = PBXBuildFile; fileRef = 590402E7285B04F500191CBC /* ContentView.swift */; };
		590402EA285B04F700191CBC /* Assets.xcassets in Resources */ = {isa = PBXBuildFile; fileRef = 590402E9285B04F700191CBC /* Assets.xcassets */; };
		590402ED285B04F700191CBC /* Preview Assets.xcassets in Resources */ = {isa = PBXBuildFile; fileRef = 590402EC285B04F700191CBC /* Preview Assets.xcassets */; };
		590402F7285B074F00191CBC /* RestaurantResponses.swift in Sources */ = {isa = PBXBuildFile; fileRef = 590402F6285B074F00191CBC /* RestaurantResponses.swift */; };
		590402F9285B0DA500191CBC /* RestauranFetcher.swift in Sources */ = {isa = PBXBuildFile; fileRef = 590402F8285B0DA500191CBC /* RestauranFetcher.swift */; };
		590402FC285B0FA800191CBC /* Constant.swift in Sources */ = {isa = PBXBuildFile; fileRef = 590402FB285B0FA800191CBC /* Constant.swift */; };
		590402FE285B154500191CBC /* NetworkImage.swift in Sources */ = {isa = PBXBuildFile; fileRef = 590402FD285B154500191CBC /* NetworkImage.swift */; };
		59040300285B1E7400191CBC /* RestaurantRow.swift in Sources */ = {isa = PBXBuildFile; fileRef = 590402FF285B1E7400191CBC /* RestaurantRow.swift */; };
		59040302285B33A500191CBC /* RestaurantScreen.swift in Sources */ = {isa = PBXBuildFile; fileRef = 59040301285B33A500191CBC /* RestaurantScreen.swift */; };
		59800453285C2694001839EF /* RestaurantDetailScreen.swift in Sources */ = {isa = PBXBuildFile; fileRef = 59800452285C2694001839EF /* RestaurantDetailScreen.swift */; };
		59BFE183285DA27B00F43E10 /* AboutScreen.swift in Sources */ = {isa = PBXBuildFile; fileRef = 59BFE182285DA27A00F43E10 /* AboutScreen.swift */; };
		59BFE185285DA2F700F43E10 /* RestaurantFavoriteScreen.swift in Sources */ = {isa = PBXBuildFile; fileRef = 59BFE184285DA2F700F43E10 /* RestaurantFavoriteScreen.swift */; };
		59DE3999285D431700E0221D /* FavoriteButton.swift in Sources */ = {isa = PBXBuildFile; fileRef = 59DE3998285D431700E0221D /* FavoriteButton.swift */; };
		59DE399B285D580200E0221D /* Restaurant.swift in Sources */ = {isa = PBXBuildFile; fileRef = 59DE399A285D580200E0221D /* Restaurant.swift */; };
/* End PBXBuildFile section */

/* Begin PBXFileReference section */
		590402E2285B04F500191CBC /* Restaurant.app */ = {isa = PBXFileReference; explicitFileType = wrapper.application; includeInIndex = 0; path = Restaurant.app; sourceTree = BUILT_PRODUCTS_DIR; };
		590402E5285B04F500191CBC /* RestaurantApp.swift */ = {isa = PBXFileReference; lastKnownFileType = sourcecode.swift; path = RestaurantApp.swift; sourceTree = "<group>"; };
		590402E7285B04F500191CBC /* ContentView.swift */ = {isa = PBXFileReference; lastKnownFileType = sourcecode.swift; path = ContentView.swift; sourceTree = "<group>"; };
		590402E9285B04F700191CBC /* Assets.xcassets */ = {isa = PBXFileReference; lastKnownFileType = folder.assetcatalog; path = Assets.xcassets; sourceTree = "<group>"; };
		590402EC285B04F700191CBC /* Preview Assets.xcassets */ = {isa = PBXFileReference; lastKnownFileType = folder.assetcatalog; path = "Preview Assets.xcassets"; sourceTree = "<group>"; };
		590402F6285B074F00191CBC /* RestaurantResponses.swift */ = {isa = PBXFileReference; lastKnownFileType = sourcecode.swift; path = RestaurantResponses.swift; sourceTree = "<group>"; };
		590402F8285B0DA500191CBC /* RestauranFetcher.swift */ = {isa = PBXFileReference; lastKnownFileType = sourcecode.swift; path = RestauranFetcher.swift; sourceTree = "<group>"; };
		590402FB285B0FA800191CBC /* Constant.swift */ = {isa = PBXFileReference; lastKnownFileType = sourcecode.swift; path = Constant.swift; sourceTree = "<group>"; };
		590402FD285B154500191CBC /* NetworkImage.swift */ = {isa = PBXFileReference; lastKnownFileType = sourcecode.swift; path = NetworkImage.swift; sourceTree = "<group>"; };
		590402FF285B1E7400191CBC /* RestaurantRow.swift */ = {isa = PBXFileReference; lastKnownFileType = sourcecode.swift; path = RestaurantRow.swift; sourceTree = "<group>"; };
		59040301285B33A500191CBC /* RestaurantScreen.swift */ = {isa = PBXFileReference; lastKnownFileType = sourcecode.swift; path = RestaurantScreen.swift; sourceTree = "<group>"; };
		59800452285C2694001839EF /* RestaurantDetailScreen.swift */ = {isa = PBXFileReference; lastKnownFileType = sourcecode.swift; path = RestaurantDetailScreen.swift; sourceTree = "<group>"; };
		59BFE182285DA27A00F43E10 /* AboutScreen.swift */ = {isa = PBXFileReference; lastKnownFileType = sourcecode.swift; path = AboutScreen.swift; sourceTree = "<group>"; };
		59BFE184285DA2F700F43E10 /* RestaurantFavoriteScreen.swift */ = {isa = PBXFileReference; lastKnownFileType = sourcecode.swift; path = RestaurantFavoriteScreen.swift; sourceTree = "<group>"; };
		59DE3998285D431700E0221D /* FavoriteButton.swift */ = {isa = PBXFileReference; lastKnownFileType = sourcecode.swift; path = FavoriteButton.swift; sourceTree = "<group>"; };
		59DE399A285D580200E0221D /* Restaurant.swift */ = {isa = PBXFileReference; lastKnownFileType = sourcecode.swift; path = Restaurant.swift; sourceTree = "<group>"; };
/* End PBXFileReference section */

/* Begin PBXFrameworksBuildPhase section */
		590402DF285B04F500191CBC /* Frameworks */ = {
			isa = PBXFrameworksBuildPhase;
			buildActionMask = 2147483647;
			files = (
			);
			runOnlyForDeploymentPostprocessing = 0;
		};
/* End PBXFrameworksBuildPhase section */

/* Begin PBXGroup section */
		590402D9285B04F500191CBC = {
			isa = PBXGroup;
			children = (
				590402E4285B04F500191CBC /* Restaurant */,
				590402E3285B04F500191CBC /* Products */,
			);
			sourceTree = "<group>";
		};
		590402E3285B04F500191CBC /* Products */ = {
			isa = PBXGroup;
			children = (
				590402E2285B04F500191CBC /* Restaurant.app */,
			);
			name = Products;
			sourceTree = "<group>";
		};
		590402E4285B04F500191CBC /* Restaurant */ = {
			isa = PBXGroup;
			children = (
				590402F5285B057E00191CBC /* Data */,
				590402E5285B04F500191CBC /* RestaurantApp.swift */,
				590402F3285B054800191CBC /* Views */,
				590402E9285B04F700191CBC /* Assets.xcassets */,
				590402EB285B04F700191CBC /* Preview Content */,
			);
			path = Restaurant;
			sourceTree = "<group>";
		};
		590402EB285B04F700191CBC /* Preview Content */ = {
			isa = PBXGroup;
			children = (
				590402EC285B04F700191CBC /* Preview Assets.xcassets */,
			);
			path = "Preview Content";
			sourceTree = "<group>";
		};
		590402F3285B054800191CBC /* Views */ = {
			isa = PBXGroup;
			children = (
				59BFE181285DA25600F43E10 /* About */,
				59DE3997285D430400E0221D /* Components */,
				590402F4285B056500191CBC /* Restaurants */,
				590402E7285B04F500191CBC /* ContentView.swift */,
			);
			path = Views;
			sourceTree = "<group>";
		};
		590402F4285B056500191CBC /* Restaurants */ = {
			isa = PBXGroup;
			children = (
				590402FF285B1E7400191CBC /* RestaurantRow.swift */,
				59040301285B33A500191CBC /* RestaurantScreen.swift */,
				59800452285C2694001839EF /* RestaurantDetailScreen.swift */,
				59BFE184285DA2F700F43E10 /* RestaurantFavoriteScreen.swift */,
			);
			path = Restaurants;
			sourceTree = "<group>";
		};
		590402F5285B057E00191CBC /* Data */ = {
			isa = PBXGroup;
			children = (
				590402FB285B0FA800191CBC /* Constant.swift */,
				590402F6285B074F00191CBC /* RestaurantResponses.swift */,
				590402F8285B0DA500191CBC /* RestauranFetcher.swift */,
				59DE399A285D580200E0221D /* Restaurant.swift */,
			);
			path = Data;
			sourceTree = "<group>";
		};
		59BFE181285DA25600F43E10 /* About */ = {
			isa = PBXGroup;
			children = (
				59BFE182285DA27A00F43E10 /* AboutScreen.swift */,
			);
			path = About;
			sourceTree = "<group>";
		};
		59DE3997285D430400E0221D /* Components */ = {
			isa = PBXGroup;
			children = (
				590402FD285B154500191CBC /* NetworkImage.swift */,
				59DE3998285D431700E0221D /* FavoriteButton.swift */,
			);
			path = Components;
			sourceTree = "<group>";
		};
/* End PBXGroup section */

/* Begin PBXNativeTarget section */
		590402E1285B04F500191CBC /* Restaurant */ = {
			isa = PBXNativeTarget;
			buildConfigurationList = 590402F0285B04F700191CBC /* Build configuration list for PBXNativeTarget "Restaurant" */;
			buildPhases = (
				590402DE285B04F500191CBC /* Sources */,
				590402DF285B04F500191CBC /* Frameworks */,
				590402E0285B04F500191CBC /* Resources */,
			);
			buildRules = (
			);
			dependencies = (
			);
			name = Restaurant;
			productName = Restaurant;
			productReference = 590402E2285B04F500191CBC /* Restaurant.app */;
			productType = "com.apple.product-type.application";
		};
/* End PBXNativeTarget section */

/* Begin PBXProject section */
		590402DA285B04F500191CBC /* Project object */ = {
			isa = PBXProject;
			attributes = {
				BuildIndependentTargetsInParallel = 1;
				LastSwiftUpdateCheck = 1340;
				LastUpgradeCheck = 1340;
				TargetAttributes = {
					590402E1285B04F500191CBC = {
						CreatedOnToolsVersion = 13.4.1;
					};
				};
			};
			buildConfigurationList = 590402DD285B04F500191CBC /* Build configuration list for PBXProject "Restaurant" */;
			compatibilityVersion = "Xcode 13.0";
			developmentRegion = en;
			hasScannedForEncodings = 0;
			knownRegions = (
				en,
				Base,
			);
			mainGroup = 590402D9285B04F500191CBC;
			productRefGroup = 590402E3285B04F500191CBC /* Products */;
			projectDirPath = "";
			projectRoot = "";
			targets = (
				590402E1285B04F500191CBC /* Restaurant */,
			);
		};
/* End PBXProject section */

/* Begin PBXResourcesBuildPhase section */
		590402E0285B04F500191CBC /* Resources */ = {
			isa = PBXResourcesBuildPhase;
			buildActionMask = 2147483647;
			files = (
				590402ED285B04F700191CBC /* Preview Assets.xcassets in Resources */,
				590402EA285B04F700191CBC /* Assets.xcassets in Resources */,
			);
			runOnlyForDeploymentPostprocessing = 0;
		};
/* End PBXResourcesBuildPhase section */

/* Begin PBXSourcesBuildPhase section */
		590402DE285B04F500191CBC /* Sources */ = {
			isa = PBXSourcesBuildPhase;
			buildActionMask = 2147483647;
			files = (
				59DE399B285D580200E0221D /* Restaurant.swift in Sources */,
				59BFE185285DA2F700F43E10 /* RestaurantFavoriteScreen.swift in Sources */,
				590402E8285B04F500191CBC /* ContentView.swift in Sources */,
				590402E6285B04F500191CBC /* RestaurantApp.swift in Sources */,
				590402FE285B154500191CBC /* NetworkImage.swift in Sources */,
				59DE3999285D431700E0221D /* FavoriteButton.swift in Sources */,
				590402FC285B0FA800191CBC /* Constant.swift in Sources */,
				59040302285B33A500191CBC /* RestaurantScreen.swift in Sources */,
				59800453285C2694001839EF /* RestaurantDetailScreen.swift in Sources */,
				590402F7285B074F00191CBC /* RestaurantResponses.swift in Sources */,
				59040300285B1E7400191CBC /* RestaurantRow.swift in Sources */,
				590402F9285B0DA500191CBC /* RestauranFetcher.swift in Sources */,
				59BFE183285DA27B00F43E10 /* AboutScreen.swift in Sources */,
			);
			runOnlyForDeploymentPostprocessing = 0;
		};
/* End PBXSourcesBuildPhase section */

/* Begin XCBuildConfiguration section */
		590402EE285B04F700191CBC /* Debug */ = {
			isa = XCBuildConfiguration;
			buildSettings = {
				ALWAYS_SEARCH_USER_PATHS = NO;
				CLANG_ANALYZER_NONNULL = YES;
				CLANG_ANALYZER_NUMBER_OBJECT_CONVERSION = YES_AGGRESSIVE;
				CLANG_CXX_LANGUAGE_STANDARD = "gnu++17";
				CLANG_ENABLE_MODULES = YES;
				CLANG_ENABLE_OBJC_ARC = YES;
				CLANG_ENABLE_OBJC_WEAK = YES;
				CLANG_WARN_BLOCK_CAPTURE_AUTORELEASING = YES;
				CLANG_WARN_BOOL_CONVERSION = YES;
				CLANG_WARN_COMMA = YES;
				CLANG_WARN_CONSTANT_CONVERSION = YES;
				CLANG_WARN_DEPRECATED_OBJC_IMPLEMENTATIONS = YES;
				CLANG_WARN_DIRECT_OBJC_ISA_USAGE = YES_ERROR;
				CLANG_WARN_DOCUMENTATION_COMMENTS = YES;
				CLANG_WARN_EMPTY_BODY = YES;
				CLANG_WARN_ENUM_CONVERSION = YES;
				CLANG_WARN_INFINITE_RECURSION = YES;
				CLANG_WARN_INT_CONVERSION = YES;
				CLANG_WARN_NON_LITERAL_NULL_CONVERSION = YES;
				CLANG_WARN_OBJC_IMPLICIT_RETAIN_SELF = YES;
				CLANG_WARN_OBJC_LITERAL_CONVERSION = YES;
				CLANG_WARN_OBJC_ROOT_CLASS = YES_ERROR;
				CLANG_WARN_QUOTED_INCLUDE_IN_FRAMEWORK_HEADER = YES;
				CLANG_WARN_RANGE_LOOP_ANALYSIS = YES;
				CLANG_WARN_STRICT_PROTOTYPES = YES;
				CLANG_WARN_SUSPICIOUS_MOVE = YES;
				CLANG_WARN_UNGUARDED_AVAILABILITY = YES_AGGRESSIVE;
				CLANG_WARN_UNREACHABLE_CODE = YES;
				CLANG_WARN__DUPLICATE_METHOD_MATCH = YES;
				COPY_PHASE_STRIP = NO;
				DEBUG_INFORMATION_FORMAT = dwarf;
				ENABLE_STRICT_OBJC_MSGSEND = YES;
				ENABLE_TESTABILITY = YES;
				GCC_C_LANGUAGE_STANDARD = gnu11;
				GCC_DYNAMIC_NO_PIC = NO;
				GCC_NO_COMMON_BLOCKS = YES;
				GCC_OPTIMIZATION_LEVEL = 0;
				GCC_PREPROCESSOR_DEFINITIONS = (
					"DEBUG=1",
					"$(inherited)",
				);
				GCC_WARN_64_TO_32_BIT_CONVERSION = YES;
				GCC_WARN_ABOUT_RETURN_TYPE = YES_ERROR;
				GCC_WARN_UNDECLARED_SELECTOR = YES;
				GCC_WARN_UNINITIALIZED_AUTOS = YES_AGGRESSIVE;
				GCC_WARN_UNUSED_FUNCTION = YES;
				GCC_WARN_UNUSED_VARIABLE = YES;
				IPHONEOS_DEPLOYMENT_TARGET = 15.5;
				MTL_ENABLE_DEBUG_INFO = INCLUDE_SOURCE;
				MTL_FAST_MATH = YES;
				ONLY_ACTIVE_ARCH = YES;
				SDKROOT = iphoneos;
				SWIFT_ACTIVE_COMPILATION_CONDITIONS = DEBUG;
				SWIFT_OPTIMIZATION_LEVEL = "-Onone";
			};
			name = Debug;
		};
		590402EF285B04F700191CBC /* Release */ = {
			isa = XCBuildConfiguration;
			buildSettings = {
				ALWAYS_SEARCH_USER_PATHS = NO;
				CLANG_ANALYZER_NONNULL = YES;
				CLANG_ANALYZER_NUMBER_OBJECT_CONVERSION = YES_AGGRESSIVE;
				CLANG_CXX_LANGUAGE_STANDARD = "gnu++17";
				CLANG_ENABLE_MODULES = YES;
				CLANG_ENABLE_OBJC_ARC = YES;
				CLANG_ENABLE_OBJC_WEAK = YES;
				CLANG_WARN_BLOCK_CAPTURE_AUTORELEASING = YES;
				CLANG_WARN_BOOL_CONVERSION = YES;
				CLANG_WARN_COMMA = YES;
				CLANG_WARN_CONSTANT_CONVERSION = YES;
				CLANG_WARN_DEPRECATED_OBJC_IMPLEMENTATIONS = YES;
				CLANG_WARN_DIRECT_OBJC_ISA_USAGE = YES_ERROR;
				CLANG_WARN_DOCUMENTATION_COMMENTS = YES;
				CLANG_WARN_EMPTY_BODY = YES;
				CLANG_WARN_ENUM_CONVERSION = YES;
				CLANG_WARN_INFINITE_RECURSION = YES;
				CLANG_WARN_INT_CONVERSION = YES;
				CLANG_WARN_NON_LITERAL_NULL_CONVERSION = YES;
				CLANG_WARN_OBJC_IMPLICIT_RETAIN_SELF = YES;
				CLANG_WARN_OBJC_LITERAL_CONVERSION = YES;
				CLANG_WARN_OBJC_ROOT_CLASS = YES_ERROR;
				CLANG_WARN_QUOTED_INCLUDE_IN_FRAMEWORK_HEADER = YES;
				CLANG_WARN_RANGE_LOOP_ANALYSIS = YES;
				CLANG_WARN_STRICT_PROTOTYPES = YES;
				CLANG_WARN_SUSPICIOUS_MOVE = YES;
				CLANG_WARN_UNGUARDED_AVAILABILITY = YES_AGGRESSIVE;
				CLANG_WARN_UNREACHABLE_CODE = YES;
				CLANG_WARN__DUPLICATE_METHOD_MATCH = YES;
				COPY_PHASE_STRIP = NO;
				DEBUG_INFORMATION_FORMAT = "dwarf-with-dsym";
				ENABLE_NS_ASSERTIONS = NO;
				ENABLE_STRICT_OBJC_MSGSEND = YES;
				GCC_C_LANGUAGE_STANDARD = gnu11;
				GCC_NO_COMMON_BLOCKS = YES;
				GCC_WARN_64_TO_32_BIT_CONVERSION = YES;
				GCC_WARN_ABOUT_RETURN_TYPE = YES_ERROR;
				GCC_WARN_UNDECLARED_SELECTOR = YES;
				GCC_WARN_UNINITIALIZED_AUTOS = YES_AGGRESSIVE;
				GCC_WARN_UNUSED_FUNCTION = YES;
				GCC_WARN_UNUSED_VARIABLE = YES;
				IPHONEOS_DEPLOYMENT_TARGET = 15.5;
				MTL_ENABLE_DEBUG_INFO = NO;
				MTL_FAST_MATH = YES;
				SDKROOT = iphoneos;
				SWIFT_COMPILATION_MODE = wholemodule;
				SWIFT_OPTIMIZATION_LEVEL = "-O";
				VALIDATE_PRODUCT = YES;
			};
			name = Release;
		};
		590402F1285B04F700191CBC /* Debug */ = {
			isa = XCBuildConfiguration;
			buildSettings = {
				ASSETCATALOG_COMPILER_APPICON_NAME = AppIcon;
				ASSETCATALOG_COMPILER_GLOBAL_ACCENT_COLOR_NAME = AccentColor;
				CODE_SIGN_STYLE = Automatic;
				CURRENT_PROJECT_VERSION = 1;
				DEVELOPMENT_ASSET_PATHS = "\"Restaurant/Preview Content\"";
				ENABLE_PREVIEWS = YES;
				GENERATE_INFOPLIST_FILE = YES;
				INFOPLIST_KEY_UIApplicationSceneManifest_Generation = YES;
				INFOPLIST_KEY_UIApplicationSupportsIndirectInputEvents = YES;
				INFOPLIST_KEY_UILaunchScreen_Generation = YES;
				INFOPLIST_KEY_UISupportedInterfaceOrientations_iPad = "UIInterfaceOrientationPortrait UIInterfaceOrientationPortraitUpsideDown UIInterfaceOrientationLandscapeLeft UIInterfaceOrientationLandscapeRight";
				INFOPLIST_KEY_UISupportedInterfaceOrientations_iPhone = "UIInterfaceOrientationPortrait UIInterfaceOrientationLandscapeLeft UIInterfaceOrientationLandscapeRight";
				LD_RUNPATH_SEARCH_PATHS = (
					"$(inherited)",
					"@executable_path/Frameworks",
				);
				MARKETING_VERSION = 1.0;
				PRODUCT_BUNDLE_IDENTIFIER = com.heriawanfx.Restaurant;
				PRODUCT_NAME = "$(TARGET_NAME)";
				SWIFT_EMIT_LOC_STRINGS = YES;
				SWIFT_VERSION = 5.0;
				TARGETED_DEVICE_FAMILY = "1,2";
			};
			name = Debug;
		};
		590402F2285B04F700191CBC /* Release */ = {
			isa = XCBuildConfiguration;
			buildSettings = {
				ASSETCATALOG_COMPILER_APPICON_NAME = AppIcon;
				ASSETCATALOG_COMPILER_GLOBAL_ACCENT_COLOR_NAME = AccentColor;
				CODE_SIGN_STYLE = Automatic;
				CURRENT_PROJECT_VERSION = 1;
				DEVELOPMENT_ASSET_PATHS = "\"Restaurant/Preview Content\"";
				ENABLE_PREVIEWS = YES;
				GENERATE_INFOPLIST_FILE = YES;
				INFOPLIST_KEY_UIApplicationSceneManifest_Generation = YES;
				INFOPLIST_KEY_UIApplicationSupportsIndirectInputEvents = YES;
				INFOPLIST_KEY_UILaunchScreen_Generation = YES;
				INFOPLIST_KEY_UISupportedInterfaceOrientations_iPad = "UIInterfaceOrientationPortrait UIInterfaceOrientationPortraitUpsideDown UIInterfaceOrientationLandscapeLeft UIInterfaceOrientationLandscapeRight";
				INFOPLIST_KEY_UISupportedInterfaceOrientations_iPhone = "UIInterfaceOrientationPortrait UIInterfaceOrientationLandscapeLeft UIInterfaceOrientationLandscapeRight";
				LD_RUNPATH_SEARCH_PATHS = (
					"$(inherited)",
					"@executable_path/Frameworks",
				);
				MARKETING_VERSION = 1.0;
				PRODUCT_BUNDLE_IDENTIFIER = com.heriawanfx.Restaurant;
				PRODUCT_NAME = "$(TARGET_NAME)";
				SWIFT_EMIT_LOC_STRINGS = YES;
				SWIFT_VERSION = 5.0;
				TARGETED_DEVICE_FAMILY = "1,2";
			};
			name = Release;
		};
/* End XCBuildConfiguration section */

/* Begin XCConfigurationList section */
		590402DD285B04F500191CBC /* Build configuration list for PBXProject "Restaurant" */ = {
			isa = XCConfigurationList;
			buildConfigurations = (
				590402EE285B04F700191CBC /* Debug */,
				590402EF285B04F700191CBC /* Release */,
			);
			defaultConfigurationIsVisible = 0;
			defaultConfigurationName = Release;
		};
		590402F0285B04F700191CBC /* Build configuration list for PBXNativeTarget "Restaurant" */ = {
			isa = XCConfigurationList;
			buildConfigurations = (
				590402F1285B04F700191CBC /* Debug */,
				590402F2285B04F700191CBC /* Release */,
			);
			defaultConfigurationIsVisible = 0;
			defaultConfigurationName = Release;
		};
/* End XCConfigurationList section */
	};
	rootObject = 590402DA285B04F500191CBC /* Project object */;
}
